
Microsoft Visual Studio Solution File, Format Version 12.00
# Visual Studio Version 17
VisualStudioVersion = 17.0.31903.59
MinimumVisualStudioVersion = 10.0.40219.1
Project("{2150E333-8FDC-42A3-9474-1A3956D46DE8}") = "ForgeRuntime", "ForgeRuntime", "{181DDCAC-60D3-5F5D-47BC-C20315BB0A1C}"
EndProject
Project("{2150E333-8FDC-42A3-9474-1A3956D46DE8}") = "Framework", "Framework", "{28E51128-D450-CBB5-13EA-B9537A8BC048}"
EndProject
Project("{FAE04EC0-301F-11D3-BF4B-00C04F79EFBC}") = "ForgeRuntime.Framework", "ForgeRuntime\Framework\ForgeRuntime.Framework.csproj", "{71652225-9586-42CC-97CE-1648A6C965BD}"
EndProject
Project("{FAE04EC0-301F-11D3-BF4B-00C04F79EFBC}") = "ForgeDevelopment", "ForgeDevelopment\ForgeDevelopment.csproj", "{D3690204-6092-4DDA-A81F-6AA271EFA7FB}"
EndProject
Project("{FAE04EC0-301F-11D3-BF4B-00C04F79EFBC}") = "ForgeTrigger", "ForgeTrigger\ForgeTrigger.csproj", "{1B7D73BC-CB45-48E1-90C1-59A9FC3A161F}"
EndProject
Project("{FAE04EC0-301F-11D3-BF4B-00C04F79EFBC}") = "ForgeMap", "ForgeMap\ForgeMap.csproj", "{2B93C7E5-9382-4784-8A6A-77FB4FF22875}"
EndProject
Project("{FAE04EC0-301F-11D3-BF4B-00C04F79EFBC}") = "ForgeWeapon", "ForgeWeapon\ForgeWeapon.csproj", "{3E21B785-7030-4F5A-B1CF-9B1B9835ABF9}"
EndProject
Project("{FAE04EC0-301F-11D3-BF4B-00C04F79EFBC}") = "ForgeEnemy", "ForgeEnemy\ForgeEnemy.csproj", "{5C71B769-057C-4E81-822B-3FBB4FB5B270}"
EndProject
Project("{2150E333-8FDC-42A3-9474-1A3956D46DE8}") = "tests", "tests", "{4D81A9CC-BBCC-E611-5A8E-1F3A082B2161}"
EndProject
Project("{FAE04EC0-301F-11D3-BF4B-00C04F79EFBC}") = "Architecture", "ForgeRuntime\tests\Architecture\Architecture.csproj", "{81CEC6F8-3825-4BBA-8DAA-92423B2627ED}"
EndProject
Global
	GlobalSection(SolutionConfigurationPlatforms) = preSolution
		Debug|Any CPU = Debug|Any CPU
		Debug|x64 = Debug|x64
		Debug|x86 = Debug|x86
		Release|Any CPU = Release|Any CPU
		Release|x64 = Release|x64
		Release|x86 = Release|x86
	EndGlobalSection
	GlobalSection(ProjectConfigurationPlatforms) = postSolution
		{71652225-9586-42CC-97CE-1648A6C965BD}.Debug|Any CPU.ActiveCfg = Debug|Any CPU
		{71652225-9586-42CC-97CE-1648A6C965BD}.Debug|Any CPU.Build.0 = Debug|Any CPU
		{71652225-9586-42CC-97CE-1648A6C965BD}.Debug|x64.ActiveCfg = Debug|Any CPU
		{71652225-9586-42CC-97CE-1648A6C965BD}.Debug|x64.Build.0 = Debug|Any CPU
		{71652225-9586-42CC-97CE-1648A6C965BD}.Debug|x86.ActiveCfg = Debug|Any CPU
		{71652225-9586-42CC-97CE-1648A6C965BD}.Debug|x86.Build.0 = Debug|Any CPU
		{71652225-9586-42CC-97CE-1648A6C965BD}.Release|Any CPU.ActiveCfg = Release|Any CPU
		{71652225-9586-42CC-97CE-1648A6C965BD}.Release|Any CPU.Build.0 = Release|Any CPU
		{71652225-9586-42CC-97CE-1648A6C965BD}.Release|x64.ActiveCfg = Release|Any CPU
		{71652225-9586-42CC-97CE-1648A6C965BD}.Release|x64.Build.0 = Release|Any CPU
		{71652225-9586-42CC-97CE-1648A6C965BD}.Release|x86.ActiveCfg = Release|Any CPU
		{71652225-9586-42CC-97CE-1648A6C965BD}.Release|x86.Build.0 = Release|Any CPU
		{D3690204-6092-4DDA-A81F-6AA271EFA7FB}.Debug|Any CPU.ActiveCfg = Debug|Any CPU
		{D3690204-6092-4DDA-A81F-6AA271EFA7FB}.Debug|Any CPU.Build.0 = Debug|Any CPU
		{D3690204-6092-4DDA-A81F-6AA271EFA7FB}.Debug|x64.ActiveCfg = Debug|Any CPU
		{D3690204-6092-4DDA-A81F-6AA271EFA7FB}.Debug|x64.Build.0 = Debug|Any CPU
		{D3690204-6092-4DDA-A81F-6AA271EFA7FB}.Debug|x86.ActiveCfg = Debug|Any CPU
		{D3690204-6092-4DDA-A81F-6AA271EFA7FB}.Debug|x86.Build.0 = Debug|Any CPU
		{D3690204-6092-4DDA-A81F-6AA271EFA7FB}.Release|Any CPU.ActiveCfg = Release|Any CPU
		{D3690204-6092-4DDA-A81F-6AA271EFA7FB}.Release|Any CPU.Build.0 = Release|Any CPU
		{D3690204-6092-4DDA-A81F-6AA271EFA7FB}.Release|x64.ActiveCfg = Release|Any CPU
		{D3690204-6092-4DDA-A81F-6AA271EFA7FB}.Release|x64.Build.0 = Release|Any CPU
		{D3690204-6092-4DDA-A81F-6AA271EFA7FB}.Release|x86.ActiveCfg = Release|Any CPU
		{D3690204-6092-4DDA-A81F-6AA271EFA7FB}.Release|x86.Build.0 = Release|Any CPU
		{1B7D73BC-CB45-48E1-90C1-59A9FC3A161F}.Debug|Any CPU.ActiveCfg = Debug|Any CPU
		{1B7D73BC-CB45-48E1-90C1-59A9FC3A161F}.Debug|Any CPU.Build.0 = Debug|Any CPU
		{1B7D73BC-CB45-48E1-90C1-59A9FC3A161F}.Debug|x64.ActiveCfg = Debug|Any CPU
		{1B7D73BC-CB45-48E1-90C1-59A9FC3A161F}.Debug|x64.Build.0 = Debug|Any CPU
		{1B7D73BC-CB45-48E1-90C1-59A9FC3A161F}.Debug|x86.ActiveCfg = Debug|Any CPU
		{1B7D73BC-CB45-48E1-90C1-59A9FC3A161F}.Debug|x86.Build.0 = Debug|Any CPU
		{1B7D73BC-CB45-48E1-90C1-59A9FC3A161F}.Release|Any CPU.ActiveCfg = Release|Any CPU
		{1B7D73BC-CB45-48E1-90C1-59A9FC3A161F}.Release|Any CPU.Build.0 = Release|Any CPU
		{1B7D73BC-CB45-48E1-90C1-59A9FC3A161F}.Release|x64.ActiveCfg = Release|Any CPU
		{1B7D73BC-CB45-48E1-90C1-59A9FC3A161F}.Release|x64.Build.0 = Release|Any CPU
		{1B7D73BC-CB45-48E1-90C1-59A9FC3A161F}.Release|x86.ActiveCfg = Release|Any CPU
		{1B7D73BC-CB45-48E1-90C1-59A9FC3A161F}.Release|x86.Build.0 = Release|Any CPU
		{2B93C7E5-9382-4784-8A6A-77FB4FF22875}.Debug|Any CPU.ActiveCfg = Debug|Any CPU
		{2B93C7E5-9382-4784-8A6A-77FB4FF22875}.Debug|Any CPU.Build.0 = Debug|Any CPU
		{2B93C7E5-9382-4784-8A6A-77FB4FF22875}.Debug|x64.ActiveCfg = Debug|Any CPU
		{2B93C7E5-9382-4784-8A6A-77FB4FF22875}.Debug|x64.Build.0 = Debug|Any CPU
		{2B93C7E5-9382-4784-8A6A-77FB4FF22875}.Debug|x86.ActiveCfg = Debug|Any CPU
		{2B93C7E5-9382-4784-8A6A-77FB4FF22875}.Debug|x86.Build.0 = Debug|Any CPU
		{2B93C7E5-9382-4784-8A6A-77FB4FF22875}.Release|Any CPU.ActiveCfg = Release|Any CPU
		{2B93C7E5-9382-4784-8A6A-77FB4FF22875}.Release|Any CPU.Build.0 = Release|Any CPU
		{2B93C7E5-9382-4784-8A6A-77FB4FF22875}.Release|x64.ActiveCfg = Release|Any CPU
		{2B93C7E5-9382-4784-8A6A-77FB4FF22875}.Release|x64.Build.0 = Release|Any CPU
		{2B93C7E5-9382-4784-8A6A-77FB4FF22875}.Release|x86.ActiveCfg = Release|Any CPU
		{2B93C7E5-9382-4784-8A6A-77FB4FF22875}.Release|x86.Build.0 = Release|Any CPU
		{3E21B785-7030-4F5A-B1CF-9B1B9835ABF9}.Debug|Any CPU.ActiveCfg = Debug|Any CPU
		{3E21B785-7030-4F5A-B1CF-9B1B9835ABF9}.Debug|Any CPU.Build.0 = Debug|Any CPU
		{3E21B785-7030-4F5A-B1CF-9B1B9835ABF9}.Debug|x64.ActiveCfg = Debug|Any CPU
		{3E21B785-7030-4F5A-B1CF-9B1B9835ABF9}.Debug|x64.Build.0 = Debug|Any CPU
		{3E21B785-7030-4F5A-B1CF-9B1B9835ABF9}.Debug|x86.ActiveCfg = Debug|Any CPU
		{3E21B785-7030-4F5A-B1CF-9B1B9835ABF9}.Debug|x86.Build.0 = Debug|Any CPU
		{3E21B785-7030-4F5A-B1CF-9B1B9835ABF9}.Release|Any CPU.ActiveCfg = Release|Any CPU
		{3E21B785-7030-4F5A-B1CF-9B1B9835ABF9}.Release|Any CPU.Build.0 = Release|Any CPU
		{3E21B785-7030-4F5A-B1CF-9B1B9835ABF9}.Release|x64.ActiveCfg = Release|Any CPU
		{3E21B785-7030-4F5A-B1CF-9B1B9835ABF9}.Release|x64.Build.0 = Release|Any CPU
		{3E21B785-7030-4F5A-B1CF-9B1B9835ABF9}.Release|x86.ActiveCfg = Release|Any CPU
		{3E21B785-7030-4F5A-B1CF-9B1B9835ABF9}.Release|x86.Build.0 = Release|Any CPU
		{5C71B769-057C-4E81-822B-3FBB4FB5B270}.Debug|Any CPU.ActiveCfg = Debug|Any CPU
		{5C71B769-057C-4E81-822B-3FBB4FB5B270}.Debug|Any CPU.Build.0 = Debug|Any CPU
		{5C71B769-057C-4E81-822B-3FBB4FB5B270}.Debug|x64.ActiveCfg = Debug|Any CPU
		{5C71B769-057C-4E81-822B-3FBB4FB5B270}.Debug|x64.Build.0 = Debug|Any CPU
		{5C71B769-057C-4E81-822B-3FBB4FB5B270}.Debug|x86.ActiveCfg = Debug|Any CPU
		{5C71B769-057C-4E81-822B-3FBB4FB5B270}.Debug|x86.Build.0 = Debug|Any CPU
		{5C71B769-057C-4E81-822B-3FBB4FB5B270}.Release|Any CPU.ActiveCfg = Release|Any CPU
		{5C71B769-057C-4E81-822B-3FBB4FB5B270}.Release|Any CPU.Build.0 = Release|Any CPU
		{5C71B769-057C-4E81-822B-3FBB4FB5B270}.Release|x64.ActiveCfg = Release|Any CPU
		{5C71B769-057C-4E81-822B-3FBB4FB5B270}.Release|x64.Build.0 = Release|Any CPU
		{5C71B769-057C-4E81-822B-3FBB4FB5B270}.Release|x86.ActiveCfg = Release|Any CPU
		{5C71B769-057C-4E81-822B-3FBB4FB5B270}.Release|x86.Build.0 = Release|Any CPU
		{81CEC6F8-3825-4BBA-8DAA-92423B2627ED}.Debug|Any CPU.ActiveCfg = Debug|Any CPU
		{81CEC6F8-3825-4BBA-8DAA-92423B2627ED}.Debug|Any CPU.Build.0 = Debug|Any CPU
		{81CEC6F8-3825-4BBA-8DAA-92423B2627ED}.Debug|x64.ActiveCfg = Debug|Any CPU
		{81CEC6F8-3825-4BBA-8DAA-92423B2627ED}.Debug|x64.Build.0 = Debug|Any CPU
		{81CEC6F8-3825-4BBA-8DAA-92423B2627ED}.Debug|x86.ActiveCfg = Debug|Any CPU
		{81CEC6F8-3825-4BBA-8DAA-92423B2627ED}.Debug|x86.Build.0 = Debug|Any CPU
		{81CEC6F8-3825-4BBA-8DAA-92423B2627ED}.Release|Any CPU.ActiveCfg = Release|Any CPU
		{81CEC6F8-3825-4BBA-8DAA-92423B2627ED}.Release|Any CPU.Build.0 = Release|Any CPU
		{81CEC6F8-3825-4BBA-8DAA-92423B2627ED}.Release|x64.ActiveCfg = Release|Any CPU
		{81CEC6F8-3825-4BBA-8DAA-92423B2627ED}.Release|x64.Build.0 = Release|Any CPU
		{81CEC6F8-3825-4BBA-8DAA-92423B2627ED}.Release|x86.ActiveCfg = Release|Any CPU
		{81CEC6F8-3825-4BBA-8DAA-92423B2627ED}.Release|x86.Build.0 = Release|Any CPU
	EndGlobalSection
	GlobalSection(SolutionProperties) = preSolution
		HideSolutionNode = FALSE
	EndGlobalSection
	GlobalSection(NestedProjects) = preSolution
		{28E51128-D450-CBB5-13EA-B9537A8BC048} = {181DDCAC-60D3-5F5D-47BC-C20315BB0A1C}
		{71652225-9586-42CC-97CE-1648A6C965BD} = {28E51128-D450-CBB5-13EA-B9537A8BC048}
		{4D81A9CC-BBCC-E611-5A8E-1F3A082B2161} = {181DDCAC-60D3-5F5D-47BC-C20315BB0A1C}
		{81CEC6F8-3825-4BBA-8DAA-92423B2627ED} = {4D81A9CC-BBCC-E611-5A8E-1F3A082B2161}
	EndGlobalSection
EndGlobal
